{
  "name": "noticiasz.github.io",
  "lockfileVersion": 3,
  "requires": true,
  "packages": {
    "": {
      "dependencies": {
        "vue": "^3.2.2",
        "vue-router": "^4.3.0"
      }
    },
    "node_modules/@babel/helper-string-parser": {
      "version": "7.24.1",
      "resolved": "https://registry.npmjs.org/@babel/helper-string-parser/-/helper-string-parser-7.24.1.tgz",
      "integrity": "sha512-2ofRCjnnA9y+wk8b9IAREroeUP02KHp431N2mhKniy2yKIDKpbrHv9eXwm8cBeWQYcJmzv5qKCu65P47eCF7CQ==",
      "engines": {
        "node": ">=6.9.0"
      }
    },
    "node_modules/@babel/helper-validator-identifier": {
      "version": "7.22.20",
      "resolved": "https://registry.npmjs.org/@babel/helper-validator-identifier/-/helper-validator-identifier-7.22.20.tgz",
      "integrity": "sha512-Y4OZ+ytlatR8AI+8KZfKuL5urKp7qey08ha31L8b3BwewJAoJamTzyvxPR/5D+KkdJCGPq/+8TukHBlY10FX9A==",
      "engines": {
        "node": ">=6.9.0"
      }
    },
    "node_modules/@babel/parser": {
      "version": "7.24.4",
      "resolved": "https://registry.npmjs.org/@babel/parser/-/parser-7.24.4.tgz",
      "integrity": "sha512-zTvEBcghmeBma9QIGunWevvBAp4/Qu9Bdq+2k0Ot4fVMD6v3dsC9WOcRSKk7tRRyBM/53yKMJko9xOatGQAwSg==",
      "bin": {
        "parser": "bin/babel-parser.js"
      },
      "engines": {
        "node": ">=6.0.0"
      }
    },
    "node_modules/@babel/types": {
      "version": "7.24.0",
      "resolved": "https://registry.npmjs.org/@babel/types/-/types-7.24.0.tgz",
      "integrity": "sha512-+j7a5c253RfKh8iABBhywc8NSfP5LURe7Uh4qpsh6jc+aLJguvmIUBdjSdEMQv2bENrCR5MfRdjGo7vzS/ob7w==",
      "dependencies": {
        "@babel/helper-string-parser": "^7.23.4",
        "@babel/helper-validator-identifier": "^7.22.20",
        "to-fast-properties": "^2.0.0"
      },
      "engines": {
        "node": ">=6.9.0"
      }
    },
    "node_modules/@vue/compiler-core": {
      "version": "3.2.2",
      "resolved": "https://registry.npmjs.org/@vue/compiler-core/-/compiler-core-3.2.2.tgz",
      "integrity": "sha512-QhCI0ZU5nAR0LMcLgzW3v75374tIrHGp8XG5CzJS7Nsy+iuignbE4MZ2XJfh5TGIrtpuzfWA4eTIfukZf/cRdg==",
      "dependencies": {
        "@babel/parser": "^7.12.0",
        "@babel/types": "^7.12.0",
        "@vue/shared": "3.2.2",
        "estree-walker": "^2.0.1",
        "source-map": "^0.6.1"
      }
    },
    "node_modules/@vue/compiler-dom": {
      "version": "3.2.2",
      "resolved": "https://registry.npmjs.org/@vue/compiler-dom/-/compiler-dom-3.2.2.tgz",
      "integrity": "sha512-ggcc+NV/ENIE0Uc3TxVE/sKrhYVpLepMAAmEiQ047332mbKOvUkowz4TTFZ+YkgOIuBOPP0XpCxmCMg7p874mA==",
      "dependencies": {
        "@vue/compiler-core": "3.2.2",
        "@vue/shared": "3.2.2"
      }
    },
    "node_modules/@vue/devtools-api": {
      "version": "6.6.1",
      "resolved": "https://registry.npmjs.org/@vue/devtools-api/-/devtools-api-6.6.1.tgz",
      "integrity": "sha512-LgPscpE3Vs0x96PzSSB4IGVSZXZBZHpfxs+ZA1d+VEPwHdOXowy/Y2CsvCAIFrf+ssVU1pD1jidj505EpUnfbA=="
    },
    "node_modules/@vue/reactivity": {
      "version": "3.2.2",
      "resolved": "https://registry.npmjs.org/@vue/reactivity/-/reactivity-3.2.2.tgz",
      "integrity": "sha512-IHjhtmrhK6dzacj/EnLQDWOaA3HuzzVk6w84qgV8EpS4uWGIJXiRalMRg6XvGW2ykJvIl3pLsF0aBFlTMRiLOA==",
      "dependencies": {
        "@vue/shared": "3.2.2"
      }
    },
    "node_modules/@vue/runtime-core": {
      "version": "3.2.2",
      "resolved": "https://registry.npmjs.org/@vue/runtime-core/-/runtime-core-3.2.2.tgz",
      "integrity": "sha512-/aUk1+GO/VPX0oVxhbzSWE1zrf3/wGCsO1ALNisVokYftKqfqLDjbJHE6mrI2hx3MiuwbHrWjJClkGUVTIOPEQ==",
      "dependencies": {
        "@vue/reactivity": "3.2.2",
        "@vue/shared": "3.2.2"
      }
    },
    "node_modules/@vue/runtime-dom": {
      "version": "3.2.2",
      "resolved": "https://registry.npmjs.org/@vue/runtime-dom/-/runtime-dom-3.2.2.tgz",
      "integrity": "sha512-1Le/NpCfawCOfePfJezvWUF+oCVLU8N+IHN4oFDOxRe6/PgHNJ+yT+YdxFifBfI+TIAoXI/9PsnqzmJZV+xsmw==",
      "dependencies": {
        "@vue/runtime-core": "3.2.2",
        "@vue/shared": "3.2.2",
        "csstype": "^2.6.8"
      }
    },
    "node_modules/@vue/shared": {
      "version": "3.2.2",
      "resolved": "https://registry.npmjs.org/@vue/shared/-/shared-3.2.2.tgz",
      "integrity": "sha512-dvYb318tk9uOzHtSaT3WII/HscQSIRzoCZ5GyxEb3JlkEXASpAUAQwKnvSe2CudnF8XHFRTB7VITWSnWNLZUtA=="
    },
    "node_modules/csstype": {
      "version": "2.6.21",
      "resolved": "https://registry.npmjs.org/csstype/-/csstype-2.6.21.tgz",
      "integrity": "sha512-Z1PhmomIfypOpoMjRQB70jfvy/wxT50qW08YXO5lMIJkrdq4yOTR+AW7FqutScmB9NkLwxo+jU+kZLbofZZq/w=="
    },
    "node_modules/estree-walker": {
      "version": "2.0.2",
      "resolved": "https://registry.npmjs.org/estree-walker/-/estree-walker-2.0.2.tgz",
      "integrity": "sha512-Rfkk/Mp/DL7JVje3u18FxFujQlTNR2q6QfMSMB7AvCBx91NGj/ba3kCfza0f6dVDbw7YlRf/nDrn7pQrCCyQ/w=="
    },
    "node_modules/source-map": {
      "version": "0.6.1",
      "resolved": "https://registry.npmjs.org/source-map/-/source-map-0.6.1.tgz",
      "integrity": "sha512-UjgapumWlbMhkBgzT7Ykc5YXUT46F0iKu8SGXq0bcwP5dz/h0Plj6enJqjz1Zbq2l5WaqYnrVbwWOWMyF3F47g==",
      "engines": {
        "node": ">=0.10.0"
      }
    },
    "node_modules/to-fast-properties": {
      "version": "2.0.0",
      "resolved": "https://registry.npmjs.org/to-fast-properties/-/to-fast-properties-2.0.0.tgz",
      "integrity": "sha512-/OaKK0xYrs3DmxRYqL/yDc+FxFUVYhDlXMhRmv3z915w2HF1tnN1omB354j8VUGO/hbRzyD6Y3sA7v7GS/ceog==",
      "engines": {
        "node": ">=4"
      }
    },
    "node_modules/vue": {
      "version": "3.2.2",
      "resolved": "https://registry.npmjs.org/vue/-/vue-3.2.2.tgz",
      "integrity": "sha512-D/LuzAV30CgNJYGyNheE/VUs5N4toL2IgmS6c9qeOxvyh0xyn4exyRqizpXIrsvfx34zG9x5gCI2tdRHCGvF9w==",
      "dependencies": {
        "@vue/compiler-dom": "3.2.2",
        "@vue/runtime-dom": "3.2.2",
        "@vue/shared": "3.2.2"
      }
    },
    "node_modules/vue-router": {
      "version": "4.3.0",
      "resolved": "https://registry.npmjs.org/vue-router/-/vue-router-4.3.0.tgz",
      "integrity": "sha512-dqUcs8tUeG+ssgWhcPbjHvazML16Oga5w34uCUmsk7i0BcnskoLGwjpa15fqMr2Fa5JgVBrdL2MEgqz6XZ/6IQ==",
      "dependencies": {
        "@vue/devtools-api": "^6.5.1"
      },
      "funding": {
        "url": "https://github.com/sponsors/posva"
      },
      "peerDependencies": {
        "vue": "^3.2.0"
      }
    }
  }
}
